
Microsoft Visual Studio Solution File, Format Version 12.00
# Visual Studio Version 17
VisualStudioVersion = 17.5.33502.453
MinimumVisualStudioVersion = 10.0.40219.1
Project("{FAE04EC0-301F-11D3-BF4B-00C04F79EFBC}") = "UserRegestrationUsingLambda", "UserRegestrationUsingLambda\UserRegestrationUsingLambda.csproj", "{704C80FA-6FCE-456B-B619-5C7C35ABAF28}"
EndProject
Global
	GlobalSection(SolutionConfigurationPlatforms) = preSolution
		Debug|Any CPU = Debug|Any CPU
		Release|Any CPU = Release|Any CPU
	EndGlobalSection
	GlobalSection(ProjectConfigurationPlatforms) = postSolution
		{704C80FA-6FCE-456B-B619-5C7C35ABAF28}.Debug|Any CPU.ActiveCfg = Debug|Any CPU
		{704C80FA-6FCE-456B-B619-5C7C35ABAF28}.Debug|Any CPU.Build.0 = Debug|Any CPU
		{704C80FA-6FCE-456B-B619-5C7C35ABAF28}.Release|Any CPU.ActiveCfg = Release|Any CPU
		{704C80FA-6FCE-456B-B619-5C7C35ABAF28}.Release|Any CPU.Build.0 = Release|Any CPU
	EndGlobalSection
	GlobalSection(SolutionProperties) = preSolution
		HideSolutionNode = FALSE
	EndGlobalSection
	GlobalSection(ExtensibilityGlobals) = postSolution
		SolutionGuid = {0D1ABF14-8EE6-4E05-BF6C-F311F0024808}
	EndGlobalSection
EndGlobal
